
Microsoft Visual Studio Solution File, Format Version 12.00
# Visual Studio Version 17
VisualStudioVersion = 17.2.32526.322
MinimumVisualStudioVersion = 10.0.40219.1
Project("{FAE04EC0-301F-11D3-BF4B-00C04F79EFBC}") = "LibForMindbox", ".\Lib\LibForMindbox.csproj", "{77EBDB9B-05DD-4997-88E2-E7D008543361}"
EndProject
Project("{FAE04EC0-301F-11D3-BF4B-00C04F79EFBC}") = "LibForMindBoxTest", ".\Test\LibForMindBoxTest.csproj", "{EF7E4797-FE65-408D-8898-41BC1386AAA8}"
EndProject
Global
	GlobalSection(SolutionConfigurationPlatforms) = preSolution
		Debug|Any CPU = Debug|Any CPU
		Release|Any CPU = Release|Any CPU
	EndGlobalSection
	GlobalSection(ProjectConfigurationPlatforms) = postSolution
		{77EBDB9B-05DD-4997-88E2-E7D008543361}.Debug|Any CPU.ActiveCfg = Debug|Any CPU
		{77EBDB9B-05DD-4997-88E2-E7D008543361}.Debug|Any CPU.Build.0 = Debug|Any CPU
		{77EBDB9B-05DD-4997-88E2-E7D008543361}.Release|Any CPU.ActiveCfg = Release|Any CPU
		{77EBDB9B-05DD-4997-88E2-E7D008543361}.Release|Any CPU.Build.0 = Release|Any CPU
		{EF7E4797-FE65-408D-8898-41BC1386AAA8}.Debug|Any CPU.ActiveCfg = Debug|Any CPU
		{EF7E4797-FE65-408D-8898-41BC1386AAA8}.Debug|Any CPU.Build.0 = Debug|Any CPU
		{EF7E4797-FE65-408D-8898-41BC1386AAA8}.Release|Any CPU.ActiveCfg = Release|Any CPU
		{EF7E4797-FE65-408D-8898-41BC1386AAA8}.Release|Any CPU.Build.0 = Release|Any CPU
	EndGlobalSection
	GlobalSection(SolutionProperties) = preSolution
		HideSolutionNode = FALSE
	EndGlobalSection
	GlobalSection(ExtensibilityGlobals) = postSolution
		SolutionGuid = {5B1CD118-4F90-468D-9513-C353736983D8}
	EndGlobalSection
EndGlobal
